
Microsoft Visual Studio Solution File, Format Version 11.00
# Visual Studio 2010
Project("{2150E333-8FDC-42A3-9474-1A3956D46DE8}") = "CMCS.Applets", "CMCS.Applets", "{1BCFC1BC-8C13-44F9-BFA5-33ECDB3F1481}"
	ProjectSection(SolutionItems) = preProject
		CMCS.Applets\其他小程序.txt = CMCS.Applets\其他小程序.txt
	EndProjectSection
EndProject
Project("{FAE04EC0-301F-11D3-BF4B-00C04F79EFBC}") = "CMCS.CommonSynch", "CMCS.Applets\CMCS.CommonSynch\CMCS.CommonSynch.csproj", "{898F0CFA-29C6-4D88-BB28-94BC21FB1F53}"
EndProject
Project("{FAE04EC0-301F-11D3-BF4B-00C04F79EFBC}") = "CMCS.EPCEmpower", "CMCS.Applets\CMCS.EPCEmpower\CMCS.EPCEmpower.csproj", "{43DB8909-4655-4DE4-918F-63C0DB22B0E0}"
EndProject
Project("{2150E333-8FDC-42A3-9474-1A3956D46DE8}") = "CMCS.CarTransport", "CMCS.CarTransport", "{F1F17EDF-7BA8-41E4-8CC2-C26B45D54E81}"
	ProjectSection(SolutionItems) = preProject
		CMCS.CarTransport\标准化称重系统.txt = CMCS.CarTransport\标准化称重系统.txt
	EndProjectSection
EndProject
Project("{2150E333-8FDC-42A3-9474-1A3956D46DE8}") = "CMCS.Common", "CMCS.Common", "{6E9B48B3-2DA8-44FD-995B-744490762450}"
EndProject
Project("{2150E333-8FDC-42A3-9474-1A3956D46DE8}") = "CMCS.DumblyConcealer", "CMCS.DumblyConcealer", "{F35B5875-9539-49FA-986E-CB8E1C3D3414}"
	ProjectSection(SolutionItems) = preProject
		CMCS.DumblyConcealer\后台业务处理程序.txt = CMCS.DumblyConcealer\后台业务处理程序.txt
	EndProjectSection
EndProject
Project("{2150E333-8FDC-42A3-9474-1A3956D46DE8}") = "CMCS.Hardware", "CMCS.Hardware", "{613CB1C8-AE6E-4B42-8CA7-958DD98D0294}"
	ProjectSection(SolutionItems) = preProject
		CMCS.Hardware\硬件接口.txt = CMCS.Hardware\硬件接口.txt
	EndProjectSection
EndProject
Project("{2150E333-8FDC-42A3-9474-1A3956D46DE8}") = "CMCS.Monitor", "CMCS.Monitor", "{D954AB72-B4FE-418D-8421-AE237550808F}"
	ProjectSection(SolutionItems) = preProject
		CMCS.Monitor\集控程序.txt = CMCS.Monitor\集控程序.txt
	EndProjectSection
EndProject
Project("{2150E333-8FDC-42A3-9474-1A3956D46DE8}") = "CMCS.Resources", "CMCS.Resources", "{6E68B286-F06B-40F2-A519-49D1E67A1E83}"
EndProject
Project("{2150E333-8FDC-42A3-9474-1A3956D46DE8}") = "CMCS.Services", "CMCS.Services", "{F8BF1561-9DC4-4D38-95C2-6D0DAFB61613}"
	ProjectSection(SolutionItems) = preProject
		CMCS.Services\远程服务.txt = CMCS.Services\远程服务.txt
	EndProjectSection
EndProject
Project("{2150E333-8FDC-42A3-9474-1A3956D46DE8}") = "CMCS.Test", "CMCS.Test", "{408600C8-5F6B-43CB-B01C-0597A16D2BD5}"
EndProject
Project("{FAE04EC0-301F-11D3-BF4B-00C04F79EFBC}") = "CMCS.CarTransport", "CMCS.CarTransport\CMCS.CarTransport\CMCS.CarTransport.csproj", "{5ED15A98-0895-48D3-851C-088A217D41E7}"
EndProject
Project("{FAE04EC0-301F-11D3-BF4B-00C04F79EFBC}") = "CMCS.CarTransport.JxSampler", "CMCS.CarTransport\CMCS.CarTransport.JxSampler\CMCS.CarTransport.JxSampler.csproj", "{A521B336-5BE0-4576-97EF-619246CCA6C6}"
EndProject
Project("{FAE04EC0-301F-11D3-BF4B-00C04F79EFBC}") = "CMCS.CarTransport.Out", "CMCS.CarTransport\CMCS.CarTransport.Out\CMCS.CarTransport.Out.csproj", "{360BB332-FB7D-450C-86F9-E06E9C0869BF}"
EndProject
Project("{FAE04EC0-301F-11D3-BF4B-00C04F79EFBC}") = "CMCS.CarTransport.Queue", "CMCS.CarTransport\CMCS.CarTransport.Queue\CMCS.CarTransport.Queue.csproj", "{6D1E6459-D918-445D-AADE-196027A2FF17}"
EndProject
Project("{FAE04EC0-301F-11D3-BF4B-00C04F79EFBC}") = "CMCS.CarTransport.Weighter", "CMCS.CarTransport\CMCS.CarTransport.Weighter\CMCS.CarTransport.Weighter.csproj", "{62D29056-3A63-47B7-AD03-158F9991FAE2}"
EndProject
Project("{FAE04EC0-301F-11D3-BF4B-00C04F79EFBC}") = "CMCS.Common", "CMCS.Common\CMCS.Common\CMCS.Common.csproj", "{7587893A-FEFB-4810-8509-E13A35BBAC35}"
EndProject
Project("{FAE04EC0-301F-11D3-BF4B-00C04F79EFBC}") = "CMCS.DapperDber", "CMCS.Common\CMCS.DapperDber\CMCS.DapperDber.csproj", "{6384F3D5-7CB5-4D1F-8A1F-3FA9B0A78F05}"
EndProject
Project("{FAE04EC0-301F-11D3-BF4B-00C04F79EFBC}") = "CMCS.DotNetBar.Utilities", "CMCS.Common\CMCS.DotNetBar.Utilities\CMCS.DotNetBar.Utilities.csproj", "{AB80688E-8CFE-4E41-AF48-090EEE8553BA}"
EndProject
Project("{FAE04EC0-301F-11D3-BF4B-00C04F79EFBC}") = "CMCS.Forms.UserControls", "CMCS.Common\CMCS.Forms.UserControls\CMCS.Forms.UserControls.csproj", "{543ED9EB-DADE-4694-BA6C-7ECEAA5D135C}"
EndProject
Project("{FAE04EC0-301F-11D3-BF4B-00C04F79EFBC}") = "CMCS.DumblyConcealer", "CMCS.DumblyConcealer\CMCS.DumblyConcealer\CMCS.DumblyConcealer.csproj", "{876E357B-8180-4060-87F5-5D5C11E29E4E}"
EndProject
Project("{FAE04EC0-301F-11D3-BF4B-00C04F79EFBC}") = "CMCS.DumblyConcealer.Win", "CMCS.DumblyConcealer\CMCS.DumblyConcealer.Win\CMCS.DumblyConcealer.Win.csproj", "{19F9E4F5-83A0-412B-A3B5-F39D7CBB37E6}"
EndProject
Project("{FAE04EC0-301F-11D3-BF4B-00C04F79EFBC}") = "HikVisionSDK.Core", "CMCS.Hardware\HikVisionSDK.Core\HikVisionSDK.Core.csproj", "{3C06E562-08C1-44F5-A735-C0A14CC94A7F}"
EndProject
Project("{FAE04EC0-301F-11D3-BF4B-00C04F79EFBC}") = "IOC.JMDM20DIOV2", "CMCS.Hardware\IOC.JMDM20DIOV2\IOC.JMDM20DIOV2.csproj", "{A41DA131-E0C5-46DF-B550-1A5A36C51B64}"
EndProject
Project("{FAE04EC0-301F-11D3-BF4B-00C04F79EFBC}") = "BeltBalancer.SM6000", "CMCS.Hardware\BeltBalancer.SM6000\BeltBalancer.SM6000.csproj", "{0DE1E36E-DBB1-435A-A6DD-30552EB7642E}"
EndProject
Project("{FAE04EC0-301F-11D3-BF4B-00C04F79EFBC}") = "LED.YB14", "CMCS.Hardware\LED.YB14\LED.YB14.csproj", "{85632121-2FB7-46EF-8F72-150DCC71E472}"
EndProject
Project("{FAE04EC0-301F-11D3-BF4B-00C04F79EFBC}") = "RW.LZR12", "CMCS.Hardware\RW.LZR12\RW.LZR12.csproj", "{8396AA11-76D7-423F-86F7-556ACCC767DE}"
EndProject
Project("{FAE04EC0-301F-11D3-BF4B-00C04F79EFBC}") = "RW.LZR12.Net", "CMCS.Hardware\RW.LZR12.Net\RW.LZR12.Net.csproj", "{06B9BF1E-1CB7-46A7-B14E-2039F32DA963}"
EndProject
Project("{FAE04EC0-301F-11D3-BF4B-00C04F79EFBC}") = "RW.UHFReader18", "CMCS.Hardware\RW.UHFReader18\RW.UHFReader18.csproj", "{CAFCC9E5-5134-451A-8B3E-43D4B76E5318}"
EndProject
Project("{FAE04EC0-301F-11D3-BF4B-00C04F79EFBC}") = "WB.TOLEDO.IND245", "CMCS.Hardware\WB.TOLEDO.IND245\WB.TOLEDO.IND245.csproj", "{481548C1-51EB-42C6-AD05-E0364E4A3AAA}"
EndProject
Project("{FAE04EC0-301F-11D3-BF4B-00C04F79EFBC}") = "CMCS.Monitor", "CMCS.Monitor\CMCS.Monitor\CMCS.Monitor.csproj", "{AB7E847F-7643-4983-8728-BDF27D0BF122}"
EndProject
Project("{FAE04EC0-301F-11D3-BF4B-00C04F79EFBC}") = "CMCS.Monitor.Win", "CMCS.Monitor\CMCS.Monitor.Win\CMCS.Monitor.Win.csproj", "{2831363E-5A4E-47FC-89FA-72DC2B73E719}"
EndProject
Project("{FAE04EC0-301F-11D3-BF4B-00C04F79EFBC}") = "CMCS.DataTester", "CMCS.Test\CMCS.DataTester\CMCS.DataTester.csproj", "{A39BDCE8-FDE6-4159-9291-BB933948CA56}"
EndProject
Project("{FAE04EC0-301F-11D3-BF4B-00C04F79EFBC}") = "LED.Dynamic.YB19", "CMCS.Hardware\LED.Dynamic.YB19\LED.Dynamic.YB19.csproj", "{58AB39F3-DC9D-4DB3-8D73-298C44391320}"
EndProject
Project("{FAE04EC0-301F-11D3-BF4B-00C04F79EFBC}") = "RW.HFReader", "CMCS.Hardware\RW.HFReader\RW.HFReader.csproj", "{0320DF14-A959-42C5-894A-E1494920FCED}"
EndProject
Project("{FAE04EC0-301F-11D3-BF4B-00C04F79EFBC}") = "CMCS.ChipChangeCode", "CMCS.Applets\CMCS.ChipChangeCode\CMCS.ChipChangeCode.csproj", "{9DBDC45B-47E9-4BA3-8739-ACB36781F58C}"
EndProject
Project("{FAE04EC0-301F-11D3-BF4B-00C04F79EFBC}") = "WB.YAOHUA.XK3190DS3", "CMCS.Hardware\WB.YAOHUA.XK3190DS3\WB.YAOHUA.XK3190DS3.csproj", "{611FAE5F-B1C8-4DBB-8284-A479E3FCA6A2}"
EndProject
Project("{FAE04EC0-301F-11D3-BF4B-00C04F79EFBC}") = "HikISCApi.Core", "CMCS.Hardware\HikISCApi.Core\HikISCApi.Core.csproj", "{4719681C-9980-4ED7-BE7F-61FA193AF3CA}"
EndProject
Global
	GlobalSection(SolutionConfigurationPlatforms) = preSolution
		Debug|Any CPU = Debug|Any CPU
		Debug|Mixed Platforms = Debug|Mixed Platforms
		Debug|x86 = Debug|x86
		Release|Any CPU = Release|Any CPU
		Release|Mixed Platforms = Release|Mixed Platforms
		Release|x86 = Release|x86
	EndGlobalSection
	GlobalSection(ProjectConfigurationPlatforms) = postSolution
		{898F0CFA-29C6-4D88-BB28-94BC21FB1F53}.Debug|Any CPU.ActiveCfg = Debug|x86
		{898F0CFA-29C6-4D88-BB28-94BC21FB1F53}.Debug|Mixed Platforms.ActiveCfg = Debug|x86
		{898F0CFA-29C6-4D88-BB28-94BC21FB1F53}.Debug|Mixed Platforms.Build.0 = Debug|x86
		{898F0CFA-29C6-4D88-BB28-94BC21FB1F53}.Debug|x86.ActiveCfg = Debug|x86
		{898F0CFA-29C6-4D88-BB28-94BC21FB1F53}.Debug|x86.Build.0 = Debug|x86
		{898F0CFA-29C6-4D88-BB28-94BC21FB1F53}.Release|Any CPU.ActiveCfg = Release|x86
		{898F0CFA-29C6-4D88-BB28-94BC21FB1F53}.Release|Mixed Platforms.ActiveCfg = Release|x86
		{898F0CFA-29C6-4D88-BB28-94BC21FB1F53}.Release|Mixed Platforms.Build.0 = Release|x86
		{898F0CFA-29C6-4D88-BB28-94BC21FB1F53}.Release|x86.ActiveCfg = Release|x86
		{898F0CFA-29C6-4D88-BB28-94BC21FB1F53}.Release|x86.Build.0 = Release|x86
		{43DB8909-4655-4DE4-918F-63C0DB22B0E0}.Debug|Any CPU.ActiveCfg = Debug|x86
		{43DB8909-4655-4DE4-918F-63C0DB22B0E0}.Debug|Mixed Platforms.ActiveCfg = Debug|x86
		{43DB8909-4655-4DE4-918F-63C0DB22B0E0}.Debug|Mixed Platforms.Build.0 = Debug|x86
		{43DB8909-4655-4DE4-918F-63C0DB22B0E0}.Debug|x86.ActiveCfg = Debug|x86
		{43DB8909-4655-4DE4-918F-63C0DB22B0E0}.Debug|x86.Build.0 = Debug|x86
		{43DB8909-4655-4DE4-918F-63C0DB22B0E0}.Release|Any CPU.ActiveCfg = Release|x86
		{43DB8909-4655-4DE4-918F-63C0DB22B0E0}.Release|Mixed Platforms.ActiveCfg = Release|x86
		{43DB8909-4655-4DE4-918F-63C0DB22B0E0}.Release|Mixed Platforms.Build.0 = Release|x86
		{43DB8909-4655-4DE4-918F-63C0DB22B0E0}.Release|x86.ActiveCfg = Release|x86
		{43DB8909-4655-4DE4-918F-63C0DB22B0E0}.Release|x86.Build.0 = Release|x86
		{5ED15A98-0895-48D3-851C-088A217D41E7}.Debug|Any CPU.ActiveCfg = Debug|Any CPU
		{5ED15A98-0895-48D3-851C-088A217D41E7}.Debug|Any CPU.Build.0 = Debug|Any CPU
		{5ED15A98-0895-48D3-851C-088A217D41E7}.Debug|Mixed Platforms.ActiveCfg = Debug|Any CPU
		{5ED15A98-0895-48D3-851C-088A217D41E7}.Debug|Mixed Platforms.Build.0 = Debug|Any CPU
		{5ED15A98-0895-48D3-851C-088A217D41E7}.Debug|x86.ActiveCfg = Debug|Any CPU
		{5ED15A98-0895-48D3-851C-088A217D41E7}.Release|Any CPU.ActiveCfg = Release|Any CPU
		{5ED15A98-0895-48D3-851C-088A217D41E7}.Release|Any CPU.Build.0 = Release|Any CPU
		{5ED15A98-0895-48D3-851C-088A217D41E7}.Release|Mixed Platforms.ActiveCfg = Release|Any CPU
		{5ED15A98-0895-48D3-851C-088A217D41E7}.Release|Mixed Platforms.Build.0 = Release|Any CPU
		{5ED15A98-0895-48D3-851C-088A217D41E7}.Release|x86.ActiveCfg = Release|Any CPU
		{A521B336-5BE0-4576-97EF-619246CCA6C6}.Debug|Any CPU.ActiveCfg = Debug|x86
		{A521B336-5BE0-4576-97EF-619246CCA6C6}.Debug|Mixed Platforms.ActiveCfg = Debug|x86
		{A521B336-5BE0-4576-97EF-619246CCA6C6}.Debug|Mixed Platforms.Build.0 = Debug|x86
		{A521B336-5BE0-4576-97EF-619246CCA6C6}.Debug|x86.ActiveCfg = Debug|x86
		{A521B336-5BE0-4576-97EF-619246CCA6C6}.Debug|x86.Build.0 = Debug|x86
		{A521B336-5BE0-4576-97EF-619246CCA6C6}.Release|Any CPU.ActiveCfg = Release|x86
		{A521B336-5BE0-4576-97EF-619246CCA6C6}.Release|Mixed Platforms.ActiveCfg = Release|x86
		{A521B336-5BE0-4576-97EF-619246CCA6C6}.Release|Mixed Platforms.Build.0 = Release|x86
		{A521B336-5BE0-4576-97EF-619246CCA6C6}.Release|x86.ActiveCfg = Release|x86
		{A521B336-5BE0-4576-97EF-619246CCA6C6}.Release|x86.Build.0 = Release|x86
		{360BB332-FB7D-450C-86F9-E06E9C0869BF}.Debug|Any CPU.ActiveCfg = Debug|x86
		{360BB332-FB7D-450C-86F9-E06E9C0869BF}.Debug|Mixed Platforms.ActiveCfg = Debug|x86
		{360BB332-FB7D-450C-86F9-E06E9C0869BF}.Debug|Mixed Platforms.Build.0 = Debug|x86
		{360BB332-FB7D-450C-86F9-E06E9C0869BF}.Debug|x86.ActiveCfg = Debug|x86
		{360BB332-FB7D-450C-86F9-E06E9C0869BF}.Debug|x86.Build.0 = Debug|x86
		{360BB332-FB7D-450C-86F9-E06E9C0869BF}.Release|Any CPU.ActiveCfg = Release|x86
		{360BB332-FB7D-450C-86F9-E06E9C0869BF}.Release|Mixed Platforms.ActiveCfg = Release|x86
		{360BB332-FB7D-450C-86F9-E06E9C0869BF}.Release|Mixed Platforms.Build.0 = Release|x86
		{360BB332-FB7D-450C-86F9-E06E9C0869BF}.Release|x86.ActiveCfg = Release|x86
		{360BB332-FB7D-450C-86F9-E06E9C0869BF}.Release|x86.Build.0 = Release|x86
		{6D1E6459-D918-445D-AADE-196027A2FF17}.Debug|Any CPU.ActiveCfg = Debug|x86
		{6D1E6459-D918-445D-AADE-196027A2FF17}.Debug|Mixed Platforms.ActiveCfg = Debug|x86
		{6D1E6459-D918-445D-AADE-196027A2FF17}.Debug|Mixed Platforms.Build.0 = Debug|x86
		{6D1E6459-D918-445D-AADE-196027A2FF17}.Debug|x86.ActiveCfg = Debug|x86
		{6D1E6459-D918-445D-AADE-196027A2FF17}.Debug|x86.Build.0 = Debug|x86
		{6D1E6459-D918-445D-AADE-196027A2FF17}.Release|Any CPU.ActiveCfg = Release|x86
		{6D1E6459-D918-445D-AADE-196027A2FF17}.Release|Mixed Platforms.ActiveCfg = Release|x86
		{6D1E6459-D918-445D-AADE-196027A2FF17}.Release|Mixed Platforms.Build.0 = Release|x86
		{6D1E6459-D918-445D-AADE-196027A2FF17}.Release|x86.ActiveCfg = Release|x86
		{6D1E6459-D918-445D-AADE-196027A2FF17}.Release|x86.Build.0 = Release|x86
		{62D29056-3A63-47B7-AD03-158F9991FAE2}.Debug|Any CPU.ActiveCfg = Debug|x86
		{62D29056-3A63-47B7-AD03-158F9991FAE2}.Debug|Mixed Platforms.ActiveCfg = Debug|x86
		{62D29056-3A63-47B7-AD03-158F9991FAE2}.Debug|Mixed Platforms.Build.0 = Debug|x86
		{62D29056-3A63-47B7-AD03-158F9991FAE2}.Debug|x86.ActiveCfg = Debug|x86
		{62D29056-3A63-47B7-AD03-158F9991FAE2}.Debug|x86.Build.0 = Debug|x86
		{62D29056-3A63-47B7-AD03-158F9991FAE2}.Release|Any CPU.ActiveCfg = Release|x86
		{62D29056-3A63-47B7-AD03-158F9991FAE2}.Release|Mixed Platforms.ActiveCfg = Release|x86
		{62D29056-3A63-47B7-AD03-158F9991FAE2}.Release|Mixed Platforms.Build.0 = Release|x86
		{62D29056-3A63-47B7-AD03-158F9991FAE2}.Release|x86.ActiveCfg = Release|x86
		{62D29056-3A63-47B7-AD03-158F9991FAE2}.Release|x86.Build.0 = Release|x86
		{7587893A-FEFB-4810-8509-E13A35BBAC35}.Debug|Any CPU.ActiveCfg = Debug|Any CPU
		{7587893A-FEFB-4810-8509-E13A35BBAC35}.Debug|Any CPU.Build.0 = Debug|Any CPU
		{7587893A-FEFB-4810-8509-E13A35BBAC35}.Debug|Mixed Platforms.ActiveCfg = Debug|Any CPU
		{7587893A-FEFB-4810-8509-E13A35BBAC35}.Debug|Mixed Platforms.Build.0 = Debug|Any CPU
		{7587893A-FEFB-4810-8509-E13A35BBAC35}.Debug|x86.ActiveCfg = Debug|Any CPU
		{7587893A-FEFB-4810-8509-E13A35BBAC35}.Release|Any CPU.ActiveCfg = Release|Any CPU
		{7587893A-FEFB-4810-8509-E13A35BBAC35}.Release|Any CPU.Build.0 = Release|Any CPU
		{7587893A-FEFB-4810-8509-E13A35BBAC35}.Release|Mixed Platforms.ActiveCfg = Release|Any CPU
		{7587893A-FEFB-4810-8509-E13A35BBAC35}.Release|Mixed Platforms.Build.0 = Release|Any CPU
		{7587893A-FEFB-4810-8509-E13A35BBAC35}.Release|x86.ActiveCfg = Release|Any CPU
		{6384F3D5-7CB5-4D1F-8A1F-3FA9B0A78F05}.Debug|Any CPU.ActiveCfg = Debug|Any CPU
		{6384F3D5-7CB5-4D1F-8A1F-3FA9B0A78F05}.Debug|Any CPU.Build.0 = Debug|Any CPU
		{6384F3D5-7CB5-4D1F-8A1F-3FA9B0A78F05}.Debug|Mixed Platforms.ActiveCfg = Debug|Any CPU
		{6384F3D5-7CB5-4D1F-8A1F-3FA9B0A78F05}.Debug|Mixed Platforms.Build.0 = Debug|Any CPU
		{6384F3D5-7CB5-4D1F-8A1F-3FA9B0A78F05}.Debug|x86.ActiveCfg = Debug|Any CPU
		{6384F3D5-7CB5-4D1F-8A1F-3FA9B0A78F05}.Release|Any CPU.ActiveCfg = Release|Any CPU
		{6384F3D5-7CB5-4D1F-8A1F-3FA9B0A78F05}.Release|Any CPU.Build.0 = Release|Any CPU
		{6384F3D5-7CB5-4D1F-8A1F-3FA9B0A78F05}.Release|Mixed Platforms.ActiveCfg = Release|Any CPU
		{6384F3D5-7CB5-4D1F-8A1F-3FA9B0A78F05}.Release|Mixed Platforms.Build.0 = Release|Any CPU
		{6384F3D5-7CB5-4D1F-8A1F-3FA9B0A78F05}.Release|x86.ActiveCfg = Release|Any CPU
		{AB80688E-8CFE-4E41-AF48-090EEE8553BA}.Debug|Any CPU.ActiveCfg = Debug|Any CPU
		{AB80688E-8CFE-4E41-AF48-090EEE8553BA}.Debug|Any CPU.Build.0 = Debug|Any CPU
		{AB80688E-8CFE-4E41-AF48-090EEE8553BA}.Debug|Mixed Platforms.ActiveCfg = Debug|Any CPU
		{AB80688E-8CFE-4E41-AF48-090EEE8553BA}.Debug|Mixed Platforms.Build.0 = Debug|Any CPU
		{AB80688E-8CFE-4E41-AF48-090EEE8553BA}.Debug|x86.ActiveCfg = Debug|Any CPU
		{AB80688E-8CFE-4E41-AF48-090EEE8553BA}.Release|Any CPU.ActiveCfg = Release|Any CPU
		{AB80688E-8CFE-4E41-AF48-090EEE8553BA}.Release|Any CPU.Build.0 = Release|Any CPU
		{AB80688E-8CFE-4E41-AF48-090EEE8553BA}.Release|Mixed Platforms.ActiveCfg = Release|Any CPU
		{AB80688E-8CFE-4E41-AF48-090EEE8553BA}.Release|Mixed Platforms.Build.0 = Release|Any CPU
		{AB80688E-8CFE-4E41-AF48-090EEE8553BA}.Release|x86.ActiveCfg = Release|Any CPU
		{543ED9EB-DADE-4694-BA6C-7ECEAA5D135C}.Debug|Any CPU.ActiveCfg = Debug|Any CPU
		{543ED9EB-DADE-4694-BA6C-7ECEAA5D135C}.Debug|Any CPU.Build.0 = Debug|Any CPU
		{543ED9EB-DADE-4694-BA6C-7ECEAA5D135C}.Debug|Mixed Platforms.ActiveCfg = Debug|Any CPU
		{543ED9EB-DADE-4694-BA6C-7ECEAA5D135C}.Debug|Mixed Platforms.Build.0 = Debug|Any CPU
		{543ED9EB-DADE-4694-BA6C-7ECEAA5D135C}.Debug|x86.ActiveCfg = Debug|Any CPU
		{543ED9EB-DADE-4694-BA6C-7ECEAA5D135C}.Release|Any CPU.ActiveCfg = Release|Any CPU
		{543ED9EB-DADE-4694-BA6C-7ECEAA5D135C}.Release|Any CPU.Build.0 = Release|Any CPU
		{543ED9EB-DADE-4694-BA6C-7ECEAA5D135C}.Release|Mixed Platforms.ActiveCfg = Release|Any CPU
		{543ED9EB-DADE-4694-BA6C-7ECEAA5D135C}.Release|Mixed Platforms.Build.0 = Release|Any CPU
		{543ED9EB-DADE-4694-BA6C-7ECEAA5D135C}.Release|x86.ActiveCfg = Release|Any CPU
		{876E357B-8180-4060-87F5-5D5C11E29E4E}.Debug|Any CPU.ActiveCfg = Debug|Any CPU
		{876E357B-8180-4060-87F5-5D5C11E29E4E}.Debug|Any CPU.Build.0 = Debug|Any CPU
		{876E357B-8180-4060-87F5-5D5C11E29E4E}.Debug|Mixed Platforms.ActiveCfg = Debug|Any CPU
		{876E357B-8180-4060-87F5-5D5C11E29E4E}.Debug|Mixed Platforms.Build.0 = Debug|Any CPU
		{876E357B-8180-4060-87F5-5D5C11E29E4E}.Debug|x86.ActiveCfg = Debug|Any CPU
		{876E357B-8180-4060-87F5-5D5C11E29E4E}.Release|Any CPU.ActiveCfg = Release|Any CPU
		{876E357B-8180-4060-87F5-5D5C11E29E4E}.Release|Any CPU.Build.0 = Release|Any CPU
		{876E357B-8180-4060-87F5-5D5C11E29E4E}.Release|Mixed Platforms.ActiveCfg = Release|Any CPU
		{876E357B-8180-4060-87F5-5D5C11E29E4E}.Release|Mixed Platforms.Build.0 = Release|Any CPU
		{876E357B-8180-4060-87F5-5D5C11E29E4E}.Release|x86.ActiveCfg = Release|Any CPU
		{19F9E4F5-83A0-412B-A3B5-F39D7CBB37E6}.Debug|Any CPU.ActiveCfg = Debug|x86
		{19F9E4F5-83A0-412B-A3B5-F39D7CBB37E6}.Debug|Mixed Platforms.ActiveCfg = Debug|x86
		{19F9E4F5-83A0-412B-A3B5-F39D7CBB37E6}.Debug|Mixed Platforms.Build.0 = Debug|x86
		{19F9E4F5-83A0-412B-A3B5-F39D7CBB37E6}.Debug|x86.ActiveCfg = Debug|x86
		{19F9E4F5-83A0-412B-A3B5-F39D7CBB37E6}.Debug|x86.Build.0 = Debug|x86
		{19F9E4F5-83A0-412B-A3B5-F39D7CBB37E6}.Release|Any CPU.ActiveCfg = Release|x86
		{19F9E4F5-83A0-412B-A3B5-F39D7CBB37E6}.Release|Mixed Platforms.ActiveCfg = Release|x86
		{19F9E4F5-83A0-412B-A3B5-F39D7CBB37E6}.Release|Mixed Platforms.Build.0 = Release|x86
		{19F9E4F5-83A0-412B-A3B5-F39D7CBB37E6}.Release|x86.ActiveCfg = Release|x86
		{19F9E4F5-83A0-412B-A3B5-F39D7CBB37E6}.Release|x86.Build.0 = Release|x86
		{3C06E562-08C1-44F5-A735-C0A14CC94A7F}.Debug|Any CPU.ActiveCfg = Debug|Any CPU
		{3C06E562-08C1-44F5-A735-C0A14CC94A7F}.Debug|Any CPU.Build.0 = Debug|Any CPU
		{3C06E562-08C1-44F5-A735-C0A14CC94A7F}.Debug|Mixed Platforms.ActiveCfg = Debug|Any CPU
		{3C06E562-08C1-44F5-A735-C0A14CC94A7F}.Debug|Mixed Platforms.Build.0 = Debug|Any CPU
		{3C06E562-08C1-44F5-A735-C0A14CC94A7F}.Debug|x86.ActiveCfg = Debug|Any CPU
		{3C06E562-08C1-44F5-A735-C0A14CC94A7F}.Release|Any CPU.ActiveCfg = Release|Any CPU
		{3C06E562-08C1-44F5-A735-C0A14CC94A7F}.Release|Any CPU.Build.0 = Release|Any CPU
		{3C06E562-08C1-44F5-A735-C0A14CC94A7F}.Release|Mixed Platforms.ActiveCfg = Release|Any CPU
		{3C06E562-08C1-44F5-A735-C0A14CC94A7F}.Release|Mixed Platforms.Build.0 = Release|Any CPU
		{3C06E562-08C1-44F5-A735-C0A14CC94A7F}.Release|x86.ActiveCfg = Release|Any CPU
		{A41DA131-E0C5-46DF-B550-1A5A36C51B64}.Debug|Any CPU.ActiveCfg = Debug|Any CPU
		{A41DA131-E0C5-46DF-B550-1A5A36C51B64}.Debug|Any CPU.Build.0 = Debug|Any CPU
		{A41DA131-E0C5-46DF-B550-1A5A36C51B64}.Debug|Mixed Platforms.ActiveCfg = Debug|Any CPU
		{A41DA131-E0C5-46DF-B550-1A5A36C51B64}.Debug|Mixed Platforms.Build.0 = Debug|Any CPU
		{A41DA131-E0C5-46DF-B550-1A5A36C51B64}.Debug|x86.ActiveCfg = Debug|Any CPU
		{A41DA131-E0C5-46DF-B550-1A5A36C51B64}.Release|Any CPU.ActiveCfg = Release|Any CPU
		{A41DA131-E0C5-46DF-B550-1A5A36C51B64}.Release|Any CPU.Build.0 = Release|Any CPU
		{A41DA131-E0C5-46DF-B550-1A5A36C51B64}.Release|Mixed Platforms.ActiveCfg = Release|Any CPU
		{A41DA131-E0C5-46DF-B550-1A5A36C51B64}.Release|Mixed Platforms.Build.0 = Release|Any CPU
		{A41DA131-E0C5-46DF-B550-1A5A36C51B64}.Release|x86.ActiveCfg = Release|Any CPU
		{0DE1E36E-DBB1-435A-A6DD-30552EB7642E}.Debug|Any CPU.ActiveCfg = Debug|Any CPU
		{0DE1E36E-DBB1-435A-A6DD-30552EB7642E}.Debug|Any CPU.Build.0 = Debug|Any CPU
		{0DE1E36E-DBB1-435A-A6DD-30552EB7642E}.Debug|Mixed Platforms.ActiveCfg = Debug|Any CPU
		{0DE1E36E-DBB1-435A-A6DD-30552EB7642E}.Debug|Mixed Platforms.Build.0 = Debug|Any CPU
		{0DE1E36E-DBB1-435A-A6DD-30552EB7642E}.Debug|x86.ActiveCfg = Debug|Any CPU
		{0DE1E36E-DBB1-435A-A6DD-30552EB7642E}.Release|Any CPU.ActiveCfg = Release|Any CPU
		{0DE1E36E-DBB1-435A-A6DD-30552EB7642E}.Release|Any CPU.Build.0 = Release|Any CPU
		{0DE1E36E-DBB1-435A-A6DD-30552EB7642E}.Release|Mixed Platforms.ActiveCfg = Release|Any CPU
		{0DE1E36E-DBB1-435A-A6DD-30552EB7642E}.Release|Mixed Platforms.Build.0 = Release|Any CPU
		{0DE1E36E-DBB1-435A-A6DD-30552EB7642E}.Release|x86.ActiveCfg = Release|Any CPU
		{85632121-2FB7-46EF-8F72-150DCC71E472}.Debug|Any CPU.ActiveCfg = Debug|Any CPU
		{85632121-2FB7-46EF-8F72-150DCC71E472}.Debug|Any CPU.Build.0 = Debug|Any CPU
		{85632121-2FB7-46EF-8F72-150DCC71E472}.Debug|Mixed Platforms.ActiveCfg = Debug|Any CPU
		{85632121-2FB7-46EF-8F72-150DCC71E472}.Debug|Mixed Platforms.Build.0 = Debug|Any CPU
		{85632121-2FB7-46EF-8F72-150DCC71E472}.Debug|x86.ActiveCfg = Debug|Any CPU
		{85632121-2FB7-46EF-8F72-150DCC71E472}.Release|Any CPU.ActiveCfg = Release|Any CPU
		{85632121-2FB7-46EF-8F72-150DCC71E472}.Release|Any CPU.Build.0 = Release|Any CPU
		{85632121-2FB7-46EF-8F72-150DCC71E472}.Release|Mixed Platforms.ActiveCfg = Release|Any CPU
		{85632121-2FB7-46EF-8F72-150DCC71E472}.Release|Mixed Platforms.Build.0 = Release|Any CPU
		{85632121-2FB7-46EF-8F72-150DCC71E472}.Release|x86.ActiveCfg = Release|Any CPU
		{8396AA11-76D7-423F-86F7-556ACCC767DE}.Debug|Any CPU.ActiveCfg = Debug|Any CPU
		{8396AA11-76D7-423F-86F7-556ACCC767DE}.Debug|Any CPU.Build.0 = Debug|Any CPU
		{8396AA11-76D7-423F-86F7-556ACCC767DE}.Debug|Mixed Platforms.ActiveCfg = Debug|Any CPU
		{8396AA11-76D7-423F-86F7-556ACCC767DE}.Debug|Mixed Platforms.Build.0 = Debug|Any CPU
		{8396AA11-76D7-423F-86F7-556ACCC767DE}.Debug|x86.ActiveCfg = Debug|Any CPU
		{8396AA11-76D7-423F-86F7-556ACCC767DE}.Release|Any CPU.ActiveCfg = Release|Any CPU
		{8396AA11-76D7-423F-86F7-556ACCC767DE}.Release|Any CPU.Build.0 = Release|Any CPU
		{8396AA11-76D7-423F-86F7-556ACCC767DE}.Release|Mixed Platforms.ActiveCfg = Release|Any CPU
		{8396AA11-76D7-423F-86F7-556ACCC767DE}.Release|Mixed Platforms.Build.0 = Release|Any CPU
		{8396AA11-76D7-423F-86F7-556ACCC767DE}.Release|x86.ActiveCfg = Release|Any CPU
		{06B9BF1E-1CB7-46A7-B14E-2039F32DA963}.Debug|Any CPU.ActiveCfg = Debug|Any CPU
		{06B9BF1E-1CB7-46A7-B14E-2039F32DA963}.Debug|Any CPU.Build.0 = Debug|Any CPU
		{06B9BF1E-1CB7-46A7-B14E-2039F32DA963}.Debug|Mixed Platforms.ActiveCfg = Debug|Any CPU
		{06B9BF1E-1CB7-46A7-B14E-2039F32DA963}.Debug|Mixed Platforms.Build.0 = Debug|Any CPU
		{06B9BF1E-1CB7-46A7-B14E-2039F32DA963}.Debug|x86.ActiveCfg = Debug|Any CPU
		{06B9BF1E-1CB7-46A7-B14E-2039F32DA963}.Release|Any CPU.ActiveCfg = Release|Any CPU
		{06B9BF1E-1CB7-46A7-B14E-2039F32DA963}.Release|Any CPU.Build.0 = Release|Any CPU
		{06B9BF1E-1CB7-46A7-B14E-2039F32DA963}.Release|Mixed Platforms.ActiveCfg = Release|Any CPU
		{06B9BF1E-1CB7-46A7-B14E-2039F32DA963}.Release|Mixed Platforms.Build.0 = Release|Any CPU
		{06B9BF1E-1CB7-46A7-B14E-2039F32DA963}.Release|x86.ActiveCfg = Release|Any CPU
		{CAFCC9E5-5134-451A-8B3E-43D4B76E5318}.Debug|Any CPU.ActiveCfg = Debug|Any CPU
		{CAFCC9E5-5134-451A-8B3E-43D4B76E5318}.Debug|Any CPU.Build.0 = Debug|Any CPU
		{CAFCC9E5-5134-451A-8B3E-43D4B76E5318}.Debug|Mixed Platforms.ActiveCfg = Debug|Any CPU
		{CAFCC9E5-5134-451A-8B3E-43D4B76E5318}.Debug|Mixed Platforms.Build.0 = Debug|Any CPU
		{CAFCC9E5-5134-451A-8B3E-43D4B76E5318}.Debug|x86.ActiveCfg = Debug|Any CPU
		{CAFCC9E5-5134-451A-8B3E-43D4B76E5318}.Release|Any CPU.ActiveCfg = Release|Any CPU
		{CAFCC9E5-5134-451A-8B3E-43D4B76E5318}.Release|Any CPU.Build.0 = Release|Any CPU
		{CAFCC9E5-5134-451A-8B3E-43D4B76E5318}.Release|Mixed Platforms.ActiveCfg = Release|Any CPU
		{CAFCC9E5-5134-451A-8B3E-43D4B76E5318}.Release|Mixed Platforms.Build.0 = Release|Any CPU
		{CAFCC9E5-5134-451A-8B3E-43D4B76E5318}.Release|x86.ActiveCfg = Release|Any CPU
		{481548C1-51EB-42C6-AD05-E0364E4A3AAA}.Debug|Any CPU.ActiveCfg = Debug|Any CPU
		{481548C1-51EB-42C6-AD05-E0364E4A3AAA}.Debug|Any CPU.Build.0 = Debug|Any CPU
		{481548C1-51EB-42C6-AD05-E0364E4A3AAA}.Debug|Mixed Platforms.ActiveCfg = Debug|Any CPU
		{481548C1-51EB-42C6-AD05-E0364E4A3AAA}.Debug|Mixed Platforms.Build.0 = Debug|Any CPU
		{481548C1-51EB-42C6-AD05-E0364E4A3AAA}.Debug|x86.ActiveCfg = Debug|Any CPU
		{481548C1-51EB-42C6-AD05-E0364E4A3AAA}.Release|Any CPU.ActiveCfg = Release|Any CPU
		{481548C1-51EB-42C6-AD05-E0364E4A3AAA}.Release|Any CPU.Build.0 = Release|Any CPU
		{481548C1-51EB-42C6-AD05-E0364E4A3AAA}.Release|Mixed Platforms.ActiveCfg = Release|Any CPU
		{481548C1-51EB-42C6-AD05-E0364E4A3AAA}.Release|Mixed Platforms.Build.0 = Release|Any CPU
		{481548C1-51EB-42C6-AD05-E0364E4A3AAA}.Release|x86.ActiveCfg = Release|Any CPU
		{AB7E847F-7643-4983-8728-BDF27D0BF122}.Debug|Any CPU.ActiveCfg = Debug|Any CPU
		{AB7E847F-7643-4983-8728-BDF27D0BF122}.Debug|Any CPU.Build.0 = Debug|Any CPU
		{AB7E847F-7643-4983-8728-BDF27D0BF122}.Debug|Mixed Platforms.ActiveCfg = Debug|Any CPU
		{AB7E847F-7643-4983-8728-BDF27D0BF122}.Debug|Mixed Platforms.Build.0 = Debug|Any CPU
		{AB7E847F-7643-4983-8728-BDF27D0BF122}.Debug|x86.ActiveCfg = Debug|Any CPU
		{AB7E847F-7643-4983-8728-BDF27D0BF122}.Release|Any CPU.ActiveCfg = Release|Any CPU
		{AB7E847F-7643-4983-8728-BDF27D0BF122}.Release|Any CPU.Build.0 = Release|Any CPU
		{AB7E847F-7643-4983-8728-BDF27D0BF122}.Release|Mixed Platforms.ActiveCfg = Release|Any CPU
		{AB7E847F-7643-4983-8728-BDF27D0BF122}.Release|Mixed Platforms.Build.0 = Release|Any CPU
		{AB7E847F-7643-4983-8728-BDF27D0BF122}.Release|x86.ActiveCfg = Release|Any CPU
		{2831363E-5A4E-47FC-89FA-72DC2B73E719}.Debug|Any CPU.ActiveCfg = Debug|x86
		{2831363E-5A4E-47FC-89FA-72DC2B73E719}.Debug|Mixed Platforms.ActiveCfg = Debug|x86
		{2831363E-5A4E-47FC-89FA-72DC2B73E719}.Debug|Mixed Platforms.Build.0 = Debug|x86
		{2831363E-5A4E-47FC-89FA-72DC2B73E719}.Debug|x86.ActiveCfg = Debug|x86
		{2831363E-5A4E-47FC-89FA-72DC2B73E719}.Debug|x86.Build.0 = Debug|x86
		{2831363E-5A4E-47FC-89FA-72DC2B73E719}.Release|Any CPU.ActiveCfg = Release|x86
		{2831363E-5A4E-47FC-89FA-72DC2B73E719}.Release|Mixed Platforms.ActiveCfg = Release|x86
		{2831363E-5A4E-47FC-89FA-72DC2B73E719}.Release|Mixed Platforms.Build.0 = Release|x86
		{2831363E-5A4E-47FC-89FA-72DC2B73E719}.Release|x86.ActiveCfg = Release|x86
		{2831363E-5A4E-47FC-89FA-72DC2B73E719}.Release|x86.Build.0 = Release|x86
		{A39BDCE8-FDE6-4159-9291-BB933948CA56}.Debug|Any CPU.ActiveCfg = Debug|x86
		{A39BDCE8-FDE6-4159-9291-BB933948CA56}.Debug|Mixed Platforms.ActiveCfg = Debug|x86
		{A39BDCE8-FDE6-4159-9291-BB933948CA56}.Debug|Mixed Platforms.Build.0 = Debug|x86
		{A39BDCE8-FDE6-4159-9291-BB933948CA56}.Debug|x86.ActiveCfg = Debug|x86
		{A39BDCE8-FDE6-4159-9291-BB933948CA56}.Debug|x86.Build.0 = Debug|x86
		{A39BDCE8-FDE6-4159-9291-BB933948CA56}.Release|Any CPU.ActiveCfg = Release|x86
		{A39BDCE8-FDE6-4159-9291-BB933948CA56}.Release|Mixed Platforms.ActiveCfg = Release|x86
		{A39BDCE8-FDE6-4159-9291-BB933948CA56}.Release|Mixed Platforms.Build.0 = Release|x86
		{A39BDCE8-FDE6-4159-9291-BB933948CA56}.Release|x86.ActiveCfg = Release|x86
		{A39BDCE8-FDE6-4159-9291-BB933948CA56}.Release|x86.Build.0 = Release|x86
		{58AB39F3-DC9D-4DB3-8D73-298C44391320}.Debug|Any CPU.ActiveCfg = Debug|Any CPU
		{58AB39F3-DC9D-4DB3-8D73-298C44391320}.Debug|Any CPU.Build.0 = Debug|Any CPU
		{58AB39F3-DC9D-4DB3-8D73-298C44391320}.Debug|Mixed Platforms.ActiveCfg = Debug|Any CPU
		{58AB39F3-DC9D-4DB3-8D73-298C44391320}.Debug|Mixed Platforms.Build.0 = Debug|Any CPU
		{58AB39F3-DC9D-4DB3-8D73-298C44391320}.Debug|x86.ActiveCfg = Debug|Any CPU
		{58AB39F3-DC9D-4DB3-8D73-298C44391320}.Release|Any CPU.ActiveCfg = Release|Any CPU
		{58AB39F3-DC9D-4DB3-8D73-298C44391320}.Release|Any CPU.Build.0 = Release|Any CPU
		{58AB39F3-DC9D-4DB3-8D73-298C44391320}.Release|Mixed Platforms.ActiveCfg = Release|Any CPU
		{58AB39F3-DC9D-4DB3-8D73-298C44391320}.Release|Mixed Platforms.Build.0 = Release|Any CPU
		{58AB39F3-DC9D-4DB3-8D73-298C44391320}.Release|x86.ActiveCfg = Release|Any CPU
		{0320DF14-A959-42C5-894A-E1494920FCED}.Debug|Any CPU.ActiveCfg = Debug|Any CPU
		{0320DF14-A959-42C5-894A-E1494920FCED}.Debug|Any CPU.Build.0 = Debug|Any CPU
		{0320DF14-A959-42C5-894A-E1494920FCED}.Debug|Mixed Platforms.ActiveCfg = Debug|Any CPU
		{0320DF14-A959-42C5-894A-E1494920FCED}.Debug|Mixed Platforms.Build.0 = Debug|Any CPU
		{0320DF14-A959-42C5-894A-E1494920FCED}.Debug|x86.ActiveCfg = Debug|Any CPU
		{0320DF14-A959-42C5-894A-E1494920FCED}.Release|Any CPU.ActiveCfg = Release|Any CPU
		{0320DF14-A959-42C5-894A-E1494920FCED}.Release|Any CPU.Build.0 = Release|Any CPU
		{0320DF14-A959-42C5-894A-E1494920FCED}.Release|Mixed Platforms.ActiveCfg = Release|Any CPU
		{0320DF14-A959-42C5-894A-E1494920FCED}.Release|Mixed Platforms.Build.0 = Release|Any CPU
		{0320DF14-A959-42C5-894A-E1494920FCED}.Release|x86.ActiveCfg = Release|Any CPU
		{9DBDC45B-47E9-4BA3-8739-ACB36781F58C}.Debug|Any CPU.ActiveCfg = Debug|x86
		{9DBDC45B-47E9-4BA3-8739-ACB36781F58C}.Debug|Mixed Platforms.ActiveCfg = Debug|x86
		{9DBDC45B-47E9-4BA3-8739-ACB36781F58C}.Debug|Mixed Platforms.Build.0 = Debug|x86
		{9DBDC45B-47E9-4BA3-8739-ACB36781F58C}.Debug|x86.ActiveCfg = Debug|x86
		{9DBDC45B-47E9-4BA3-8739-ACB36781F58C}.Debug|x86.Build.0 = Debug|x86
		{9DBDC45B-47E9-4BA3-8739-ACB36781F58C}.Release|Any CPU.ActiveCfg = Release|x86
		{9DBDC45B-47E9-4BA3-8739-ACB36781F58C}.Release|Mixed Platforms.ActiveCfg = Release|x86
		{9DBDC45B-47E9-4BA3-8739-ACB36781F58C}.Release|Mixed Platforms.Build.0 = Release|x86
		{9DBDC45B-47E9-4BA3-8739-ACB36781F58C}.Release|x86.ActiveCfg = Release|x86
		{9DBDC45B-47E9-4BA3-8739-ACB36781F58C}.Release|x86.Build.0 = Release|x86
		{611FAE5F-B1C8-4DBB-8284-A479E3FCA6A2}.Debug|Any CPU.ActiveCfg = Debug|Any CPU
		{611FAE5F-B1C8-4DBB-8284-A479E3FCA6A2}.Debug|Any CPU.Build.0 = Debug|Any CPU
		{611FAE5F-B1C8-4DBB-8284-A479E3FCA6A2}.Debug|Mixed Platforms.ActiveCfg = Debug|Any CPU
		{611FAE5F-B1C8-4DBB-8284-A479E3FCA6A2}.Debug|Mixed Platforms.Build.0 = Debug|Any CPU
		{611FAE5F-B1C8-4DBB-8284-A479E3FCA6A2}.Debug|x86.ActiveCfg = Debug|Any CPU
		{611FAE5F-B1C8-4DBB-8284-A479E3FCA6A2}.Release|Any CPU.ActiveCfg = Release|Any CPU
		{611FAE5F-B1C8-4DBB-8284-A479E3FCA6A2}.Release|Any CPU.Build.0 = Release|Any CPU
		{611FAE5F-B1C8-4DBB-8284-A479E3FCA6A2}.Release|Mixed Platforms.ActiveCfg = Release|Any CPU
		{611FAE5F-B1C8-4DBB-8284-A479E3FCA6A2}.Release|Mixed Platforms.Build.0 = Release|Any CPU
		{611FAE5F-B1C8-4DBB-8284-A479E3FCA6A2}.Release|x86.ActiveCfg = Release|Any CPU
		{4719681C-9980-4ED7-BE7F-61FA193AF3CA}.Debug|Any CPU.ActiveCfg = Debug|Any CPU
		{4719681C-9980-4ED7-BE7F-61FA193AF3CA}.Debug|Any CPU.Build.0 = Debug|Any CPU
		{4719681C-9980-4ED7-BE7F-61FA193AF3CA}.Debug|Mixed Platforms.ActiveCfg = Debug|Any CPU
		{4719681C-9980-4ED7-BE7F-61FA193AF3CA}.Debug|Mixed Platforms.Build.0 = Debug|Any CPU
		{4719681C-9980-4ED7-BE7F-61FA193AF3CA}.Debug|x86.ActiveCfg = Debug|Any CPU
		{4719681C-9980-4ED7-BE7F-61FA193AF3CA}.Release|Any CPU.ActiveCfg = Release|Any CPU
		{4719681C-9980-4ED7-BE7F-61FA193AF3CA}.Release|Any CPU.Build.0 = Release|Any CPU
		{4719681C-9980-4ED7-BE7F-61FA193AF3CA}.Release|Mixed Platforms.ActiveCfg = Release|Any CPU
		{4719681C-9980-4ED7-BE7F-61FA193AF3CA}.Release|Mixed Platforms.Build.0 = Release|Any CPU
		{4719681C-9980-4ED7-BE7F-61FA193AF3CA}.Release|x86.ActiveCfg = Release|Any CPU
	EndGlobalSection
	GlobalSection(SolutionProperties) = preSolution
		HideSolutionNode = FALSE
	EndGlobalSection
	GlobalSection(NestedProjects) = preSolution
		{898F0CFA-29C6-4D88-BB28-94BC21FB1F53} = {1BCFC1BC-8C13-44F9-BFA5-33ECDB3F1481}
		{43DB8909-4655-4DE4-918F-63C0DB22B0E0} = {1BCFC1BC-8C13-44F9-BFA5-33ECDB3F1481}
		{9DBDC45B-47E9-4BA3-8739-ACB36781F58C} = {1BCFC1BC-8C13-44F9-BFA5-33ECDB3F1481}
		{5ED15A98-0895-48D3-851C-088A217D41E7} = {F1F17EDF-7BA8-41E4-8CC2-C26B45D54E81}
		{A521B336-5BE0-4576-97EF-619246CCA6C6} = {F1F17EDF-7BA8-41E4-8CC2-C26B45D54E81}
		{360BB332-FB7D-450C-86F9-E06E9C0869BF} = {F1F17EDF-7BA8-41E4-8CC2-C26B45D54E81}
		{6D1E6459-D918-445D-AADE-196027A2FF17} = {F1F17EDF-7BA8-41E4-8CC2-C26B45D54E81}
		{62D29056-3A63-47B7-AD03-158F9991FAE2} = {F1F17EDF-7BA8-41E4-8CC2-C26B45D54E81}
		{7587893A-FEFB-4810-8509-E13A35BBAC35} = {6E9B48B3-2DA8-44FD-995B-744490762450}
		{6384F3D5-7CB5-4D1F-8A1F-3FA9B0A78F05} = {6E9B48B3-2DA8-44FD-995B-744490762450}
		{AB80688E-8CFE-4E41-AF48-090EEE8553BA} = {6E9B48B3-2DA8-44FD-995B-744490762450}
		{543ED9EB-DADE-4694-BA6C-7ECEAA5D135C} = {6E9B48B3-2DA8-44FD-995B-744490762450}
		{876E357B-8180-4060-87F5-5D5C11E29E4E} = {F35B5875-9539-49FA-986E-CB8E1C3D3414}
		{19F9E4F5-83A0-412B-A3B5-F39D7CBB37E6} = {F35B5875-9539-49FA-986E-CB8E1C3D3414}
		{3C06E562-08C1-44F5-A735-C0A14CC94A7F} = {613CB1C8-AE6E-4B42-8CA7-958DD98D0294}
		{A41DA131-E0C5-46DF-B550-1A5A36C51B64} = {613CB1C8-AE6E-4B42-8CA7-958DD98D0294}
		{0DE1E36E-DBB1-435A-A6DD-30552EB7642E} = {613CB1C8-AE6E-4B42-8CA7-958DD98D0294}
		{85632121-2FB7-46EF-8F72-150DCC71E472} = {613CB1C8-AE6E-4B42-8CA7-958DD98D0294}
		{8396AA11-76D7-423F-86F7-556ACCC767DE} = {613CB1C8-AE6E-4B42-8CA7-958DD98D0294}
		{06B9BF1E-1CB7-46A7-B14E-2039F32DA963} = {613CB1C8-AE6E-4B42-8CA7-958DD98D0294}
		{CAFCC9E5-5134-451A-8B3E-43D4B76E5318} = {613CB1C8-AE6E-4B42-8CA7-958DD98D0294}
		{481548C1-51EB-42C6-AD05-E0364E4A3AAA} = {613CB1C8-AE6E-4B42-8CA7-958DD98D0294}
		{58AB39F3-DC9D-4DB3-8D73-298C44391320} = {613CB1C8-AE6E-4B42-8CA7-958DD98D0294}
		{0320DF14-A959-42C5-894A-E1494920FCED} = {613CB1C8-AE6E-4B42-8CA7-958DD98D0294}
		{611FAE5F-B1C8-4DBB-8284-A479E3FCA6A2} = {613CB1C8-AE6E-4B42-8CA7-958DD98D0294}
		{4719681C-9980-4ED7-BE7F-61FA193AF3CA} = {613CB1C8-AE6E-4B42-8CA7-958DD98D0294}
		{AB7E847F-7643-4983-8728-BDF27D0BF122} = {D954AB72-B4FE-418D-8421-AE237550808F}
		{2831363E-5A4E-47FC-89FA-72DC2B73E719} = {D954AB72-B4FE-418D-8421-AE237550808F}
		{A39BDCE8-FDE6-4159-9291-BB933948CA56} = {408600C8-5F6B-43CB-B01C-0597A16D2BD5}
	EndGlobalSection
EndGlobal
